
Microsoft Visual Studio Solution File, Format Version 12.00
# Visual Studio Version 17
VisualStudioVersion = 17.1.32210.238
MinimumVisualStudioVersion = 10.0.40219.1
Project("{FAE04EC0-301F-11D3-BF4B-00C04F79EFBC}") = "T01.The Imitation Game", "T01.The Imitation Game\T01.The Imitation Game.csproj", "{5D12E0FA-02B6-4B3B-9A09-A3D6C263883A}"
EndProject
Project("{FAE04EC0-301F-11D3-BF4B-00C04F79EFBC}") = "T02.Ad Astra", "T02.Ad Astra\T02.Ad Astra.csproj", "{68EDF1BC-282F-474B-A8F0-B0DABA8C9909}"
EndProject
Project("{FAE04EC0-301F-11D3-BF4B-00C04F79EFBC}") = "T03.The Pianist", "T03.The Pianist\T03.The Pianist.csproj", "{DD88F976-9C96-4E2E-94FF-2B324B836402}"
EndProject
Global
	GlobalSection(SolutionConfigurationPlatforms) = preSolution
		Debug|Any CPU = Debug|Any CPU
		Release|Any CPU = Release|Any CPU
	EndGlobalSection
	GlobalSection(ProjectConfigurationPlatforms) = postSolution
		{5D12E0FA-02B6-4B3B-9A09-A3D6C263883A}.Debug|Any CPU.ActiveCfg = Debug|Any CPU
		{5D12E0FA-02B6-4B3B-9A09-A3D6C263883A}.Debug|Any CPU.Build.0 = Debug|Any CPU
		{5D12E0FA-02B6-4B3B-9A09-A3D6C263883A}.Release|Any CPU.ActiveCfg = Release|Any CPU
		{5D12E0FA-02B6-4B3B-9A09-A3D6C263883A}.Release|Any CPU.Build.0 = Release|Any CPU
		{68EDF1BC-282F-474B-A8F0-B0DABA8C9909}.Debug|Any CPU.ActiveCfg = Debug|Any CPU
		{68EDF1BC-282F-474B-A8F0-B0DABA8C9909}.Debug|Any CPU.Build.0 = Debug|Any CPU
		{68EDF1BC-282F-474B-A8F0-B0DABA8C9909}.Release|Any CPU.ActiveCfg = Release|Any CPU
		{68EDF1BC-282F-474B-A8F0-B0DABA8C9909}.Release|Any CPU.Build.0 = Release|Any CPU
		{DD88F976-9C96-4E2E-94FF-2B324B836402}.Debug|Any CPU.ActiveCfg = Debug|Any CPU
		{DD88F976-9C96-4E2E-94FF-2B324B836402}.Debug|Any CPU.Build.0 = Debug|Any CPU
		{DD88F976-9C96-4E2E-94FF-2B324B836402}.Release|Any CPU.ActiveCfg = Release|Any CPU
		{DD88F976-9C96-4E2E-94FF-2B324B836402}.Release|Any CPU.Build.0 = Release|Any CPU
	EndGlobalSection
	GlobalSection(SolutionProperties) = preSolution
		HideSolutionNode = FALSE
	EndGlobalSection
	GlobalSection(ExtensibilityGlobals) = postSolution
		SolutionGuid = {D5F367A6-5114-41C3-B9A4-E1D75E8FA4F3}
	EndGlobalSection
EndGlobal
